// !$*UTF8*$!
{
	archiveVersion = 1;
	classes = {
	};
	objectVersion = 55;
	objects = {

/* Begin PBXBuildFile section */
		C29346CA27EA441C00CCFD2B /* AppDelegate.swift in Sources */ = {isa = PBXBuildFile; fileRef = C29346C927EA441C00CCFD2B /* AppDelegate.swift */; };
		C29346CC27EA441C00CCFD2B /* SceneDelegate.swift in Sources */ = {isa = PBXBuildFile; fileRef = C29346CB27EA441C00CCFD2B /* SceneDelegate.swift */; };
		C29346CE27EA441C00CCFD2B /* ViewController.swift in Sources */ = {isa = PBXBuildFile; fileRef = C29346CD27EA441C00CCFD2B /* ViewController.swift */; };
		C29346D127EA441C00CCFD2B /* Main.storyboard in Resources */ = {isa = PBXBuildFile; fileRef = C29346CF27EA441C00CCFD2B /* Main.storyboard */; };
		C29346D327EA441E00CCFD2B /* Assets.xcassets in Resources */ = {isa = PBXBuildFile; fileRef = C29346D227EA441E00CCFD2B /* Assets.xcassets */; };
		C29346D627EA441E00CCFD2B /* LaunchScreen.storyboard in Resources */ = {isa = PBXBuildFile; fileRef = C29346D427EA441E00CCFD2B /* LaunchScreen.storyboard */; };
		C29346DE27EA4DAB00CCFD2B /* ViewController2.swift in Sources */ = {isa = PBXBuildFile; fileRef = C29346DD27EA4DAB00CCFD2B /* ViewController2.swift */; };
		C29346E027EA710100CCFD2B /* Maps and Flags in Resources */ = {isa = PBXBuildFile; fileRef = C29346DF27EA710000CCFD2B /* Maps and Flags */; };
		C29346E227EA716600CCFD2B /* References.pdf in Resources */ = {isa = PBXBuildFile; fileRef = C29346E127EA716600CCFD2B /* References.pdf */; };
		C2EB431227F4F38C00F37C9A /* Model.xcdatamodeld in Sources */ = {isa = PBXBuildFile; fileRef = C2EB431027F4F38C00F37C9A /* Model.xcdatamodeld */; };
/* End PBXBuildFile section */

/* Begin PBXFileReference section */
		C29346C627EA441C00CCFD2B /* Ind03_McCann_Zachary.app */ = {isa = PBXFileReference; explicitFileType = wrapper.application; includeInIndex = 0; path = Ind03_McCann_Zachary.app; sourceTree = BUILT_PRODUCTS_DIR; };
		C29346C927EA441C00CCFD2B /* AppDelegate.swift */ = {isa = PBXFileReference; lastKnownFileType = sourcecode.swift; path = AppDelegate.swift; sourceTree = "<group>"; };
		C29346CB27EA441C00CCFD2B /* SceneDelegate.swift */ = {isa = PBXFileReference; lastKnownFileType = sourcecode.swift; path = SceneDelegate.swift; sourceTree = "<group>"; };
		C29346CD27EA441C00CCFD2B /* ViewController.swift */ = {isa = PBXFileReference; lastKnownFileType = sourcecode.swift; path = ViewController.swift; sourceTree = "<group>"; };
		C29346D027EA441C00CCFD2B /* Base */ = {isa = PBXFileReference; lastKnownFileType = file.storyboard; name = Base; path = Base.lproj/Main.storyboard; sourceTree = "<group>"; };
		C29346D227EA441E00CCFD2B /* Assets.xcassets */ = {isa = PBXFileReference; lastKnownFileType = folder.assetcatalog; path = Assets.xcassets; sourceTree = "<group>"; };
		C29346D527EA441E00CCFD2B /* Base */ = {isa = PBXFileReference; lastKnownFileType = file.storyboard; name = Base; path = Base.lproj/LaunchScreen.storyboard; sourceTree = "<group>"; };
		C29346D727EA441E00CCFD2B /* Info.plist */ = {isa = PBXFileReference; lastKnownFileType = text.plist.xml; path = Info.plist; sourceTree = "<group>"; };
		C29346DD27EA4DAB00CCFD2B /* ViewController2.swift */ = {isa = PBXFileReference; lastKnownFileType = sourcecode.swift; path = ViewController2.swift; sourceTree = "<group>"; };
		C29346DF27EA710000CCFD2B /* Maps and Flags */ = {isa = PBXFileReference; lastKnownFileType = folder; path = "Maps and Flags"; sourceTree = "<group>"; };
		C29346E127EA716600CCFD2B /* References.pdf */ = {isa = PBXFileReference; lastKnownFileType = image.pdf; path = References.pdf; sourceTree = "<group>"; };
		C2EB431127F4F38C00F37C9A /* Model.xcdatamodel */ = {isa = PBXFileReference; lastKnownFileType = wrapper.xcdatamodel; path = Model.xcdatamodel; sourceTree = "<group>"; };
/* End PBXFileReference section */

/* Begin PBXFrameworksBuildPhase section */
		C29346C327EA441C00CCFD2B /* Frameworks */ = {
			isa = PBXFrameworksBuildPhase;
			buildActionMask = 2147483647;
			files = (
			);
			runOnlyForDeploymentPostprocessing = 0;
		};
/* End PBXFrameworksBuildPhase section */

/* Begin PBXGroup section */
		C29346BD27EA441C00CCFD2B = {
			isa = PBXGroup;
			children = (
				C29346E127EA716600CCFD2B /* References.pdf */,
				C29346C827EA441C00CCFD2B /* Ind03_McCann_Zachary */,
				C29346C727EA441C00CCFD2B /* Products */,
			);
			sourceTree = "<group>";
		};
		C29346C727EA441C00CCFD2B /* Products */ = {
			isa = PBXGroup;
			children = (
				C29346C627EA441C00CCFD2B /* Ind03_McCann_Zachary.app */,
			);
			name = Products;
			sourceTree = "<group>";
		};
		C29346C827EA441C00CCFD2B /* Ind03_McCann_Zachary */ = {
			isa = PBXGroup;
			children = (
				C29346C927EA441C00CCFD2B /* AppDelegate.swift */,
				C29346CB27EA441C00CCFD2B /* SceneDelegate.swift */,
				C29346CD27EA441C00CCFD2B /* ViewController.swift */,
				C29346DD27EA4DAB00CCFD2B /* ViewController2.swift */,
				C29346CF27EA441C00CCFD2B /* Main.storyboard */,
				C29346D227EA441E00CCFD2B /* Assets.xcassets */,
				C29346D427EA441E00CCFD2B /* LaunchScreen.storyboard */,
				C2EB431027F4F38C00F37C9A /* Model.xcdatamodeld */,
				C29346D727EA441E00CCFD2B /* Info.plist */,
				C29346DF27EA710000CCFD2B /* Maps and Flags */,
			);
			path = Ind03_McCann_Zachary;
			sourceTree = "<group>";
		};
/* End PBXGroup section */

/* Begin PBXNativeTarget section */
		C29346C527EA441C00CCFD2B /* Ind03_McCann_Zachary */ = {
			isa = PBXNativeTarget;
			buildConfigurationList = C29346DA27EA441E00CCFD2B /* Build configuration list for PBXNativeTarget "Ind03_McCann_Zachary" */;
			buildPhases = (
				C29346C227EA441C00CCFD2B /* Sources */,
				C29346C327EA441C00CCFD2B /* Frameworks */,
				C29346C427EA441C00CCFD2B /* Resources */,
			);
			buildRules = (
			);
			dependencies = (
			);
			name = Ind03_McCann_Zachary;
			productName = Ind03_McCann_Zachary;
			productReference = C29346C627EA441C00CCFD2B /* Ind03_McCann_Zachary.app */;
			productType = "com.apple.product-type.application";
		};
/* End PBXNativeTarget section */

/* Begin PBXProject section */
		C29346BE27EA441C00CCFD2B /* Project object */ = {
			isa = PBXProject;
			attributes = {
				BuildIndependentTargetsInParallel = 1;
				LastSwiftUpdateCheck = 1320;
				LastUpgradeCheck = 1320;
				TargetAttributes = {
					C29346C527EA441C00CCFD2B = {
						CreatedOnToolsVersion = 13.2.1;
					};
				};
			};
			buildConfigurationList = C29346C127EA441C00CCFD2B /* Build configuration list for PBXProject "Ind03_McCann_Zachary" */;
			compatibilityVersion = "Xcode 13.0";
			developmentRegion = en;
			hasScannedForEncodings = 0;
			knownRegions = (
				en,
				Base,
			);
			mainGroup = C29346BD27EA441C00CCFD2B;
			productRefGroup = C29346C727EA441C00CCFD2B /* Products */;
			projectDirPath = "";
			projectRoot = "";
			targets = (
				C29346C527EA441C00CCFD2B /* Ind03_McCann_Zachary */,
			);
		};
/* End PBXProject section */

/* Begin PBXResourcesBuildPhase section */
		C29346C427EA441C00CCFD2B /* Resources */ = {
			isa = PBXResourcesBuildPhase;
			buildActionMask = 2147483647;
			files = (
				C29346E227EA716600CCFD2B /* References.pdf in Resources */,
				C29346D627EA441E00CCFD2B /* LaunchScreen.storyboard in Resources */,
				C29346D327EA441E00CCFD2B /* Assets.xcassets in Resources */,
				C29346D127EA441C00CCFD2B /* Main.storyboard in Resources */,
				C29346E027EA710100CCFD2B /* Maps and Flags in Resources */,
			);
			runOnlyForDeploymentPostprocessing = 0;
		};
/* End PBXResourcesBuildPhase section */

/* Begin PBXSourcesBuildPhase section */
		C29346C227EA441C00CCFD2B /* Sources */ = {
			isa = PBXSourcesBuildPhase;
			buildActionMask = 2147483647;
			files = (
				C29346CE27EA441C00CCFD2B /* ViewController.swift in Sources */,
				C29346DE27EA4DAB00CCFD2B /* ViewController2.swift in Sources */,
				C2EB431227F4F38C00F37C9A /* Model.xcdatamodeld in Sources */,
				C29346CA27EA441C00CCFD2B /* AppDelegate.swift in Sources */,
				C29346CC27EA441C00CCFD2B /* SceneDelegate.swift in Sources */,
			);
			runOnlyForDeploymentPostprocessing = 0;
		};
/* End PBXSourcesBuildPhase section */

/* Begin PBXVariantGroup section */
		C29346CF27EA441C00CCFD2B /* Main.storyboard */ = {
			isa = PBXVariantGroup;
			children = (
				C29346D027EA441C00CCFD2B /* Base */,
			);
			name = Main.storyboard;
			sourceTree = "<group>";
		};
		C29346D427EA441E00CCFD2B /* LaunchScreen.storyboard */ = {
			isa = PBXVariantGroup;
			children = (
				C29346D527EA441E00CCFD2B /* Base */,
			);
			name = LaunchScreen.storyboard;
			sourceTree = "<group>";
		};
/* End PBXVariantGroup section */

/* Begin XCBuildConfiguration section */
		C29346D827EA441E00CCFD2B /* Debug */ = {
			isa = XCBuildConfiguration;
			buildSettings = {
				ALWAYS_SEARCH_USER_PATHS = NO;
				CLANG_ANALYZER_NONNULL = YES;
				CLANG_ANALYZER_NUMBER_OBJECT_CONVERSION = YES_AGGRESSIVE;
				CLANG_CXX_LANGUAGE_STANDARD = "gnu++17";
				CLANG_CXX_LIBRARY = "libc++";
				CLANG_ENABLE_MODULES = YES;
				CLANG_ENABLE_OBJC_ARC = YES;
				CLANG_ENABLE_OBJC_WEAK = YES;
				CLANG_WARN_BLOCK_CAPTURE_AUTORELEASING = YES;
				CLANG_WARN_BOOL_CONVERSION = YES;
				CLANG_WARN_COMMA = YES;
				CLANG_WARN_CONSTANT_CONVERSION = YES;
				CLANG_WARN_DEPRECATED_OBJC_IMPLEMENTATIONS = YES;
				CLANG_WARN_DIRECT_OBJC_ISA_USAGE = YES_ERROR;
				CLANG_WARN_DOCUMENTATION_COMMENTS = YES;
				CLANG_WARN_EMPTY_BODY = YES;
				CLANG_WARN_ENUM_CONVERSION = YES;
				CLANG_WARN_INFINITE_RECURSION = YES;
				CLANG_WARN_INT_CONVERSION = YES;
				CLANG_WARN_NON_LITERAL_NULL_CONVERSION = YES;
				CLANG_WARN_OBJC_IMPLICIT_RETAIN_SELF = YES;
				CLANG_WARN_OBJC_LITERAL_CONVERSION = YES;
				CLANG_WARN_OBJC_ROOT_CLASS = YES_ERROR;
				CLANG_WARN_QUOTED_INCLUDE_IN_FRAMEWORK_HEADER = YES;
				CLANG_WARN_RANGE_LOOP_ANALYSIS = YES;
				CLANG_WARN_STRICT_PROTOTYPES = YES;
				CLANG_WARN_SUSPICIOUS_MOVE = YES;
				CLANG_WARN_UNGUARDED_AVAILABILITY = YES_AGGRESSIVE;
				CLANG_WARN_UNREACHABLE_CODE = YES;
				CLANG_WARN__DUPLICATE_METHOD_MATCH = YES;
				COPY_PHASE_STRIP = NO;
				DEBUG_INFORMATION_FORMAT = dwarf;
				ENABLE_STRICT_OBJC_MSGSEND = YES;
				ENABLE_TESTABILITY = YES;
				GCC_C_LANGUAGE_STANDARD = gnu11;
				GCC_DYNAMIC_NO_PIC = NO;
				GCC_NO_COMMON_BLOCKS = YES;
				GCC_OPTIMIZATION_LEVEL = 0;
				GCC_PREPROCESSOR_DEFINITIONS = (
					"DEBUG=1",
					"$(inherited)",
				);
				GCC_WARN_64_TO_32_BIT_CONVERSION = YES;
				GCC_WARN_ABOUT_RETURN_TYPE = YES_ERROR;
				GCC_WARN_UNDECLARED_SELECTOR = YES;
				GCC_WARN_UNINITIALIZED_AUTOS = YES_AGGRESSIVE;
				GCC_WARN_UNUSED_FUNCTION = YES;
				GCC_WARN_UNUSED_VARIABLE = YES;
				IPHONEOS_DEPLOYMENT_TARGET = 15.2;
				MTL_ENABLE_DEBUG_INFO = INCLUDE_SOURCE;
				MTL_FAST_MATH = YES;
				ONLY_ACTIVE_ARCH = YES;
				SDKROOT = iphoneos;
				SWIFT_ACTIVE_COMPILATION_CONDITIONS = DEBUG;
				SWIFT_OPTIMIZATION_LEVEL = "-Onone";
			};
			name = Debug;
		};
		C29346D927EA441E00CCFD2B /* Release */ = {
			isa = XCBuildConfiguration;
			buildSettings = {
				ALWAYS_SEARCH_USER_PATHS = NO;
				CLANG_ANALYZER_NONNULL = YES;
				CLANG_ANALYZER_NUMBER_OBJECT_CONVERSION = YES_AGGRESSIVE;
				CLANG_CXX_LANGUAGE_STANDARD = "gnu++17";
				CLANG_CXX_LIBRARY = "libc++";
				CLANG_ENABLE_MODULES = YES;
				CLANG_ENABLE_OBJC_ARC = YES;
				CLANG_ENABLE_OBJC_WEAK = YES;
				CLANG_WARN_BLOCK_CAPTURE_AUTORELEASING = YES;
				CLANG_WARN_BOOL_CONVERSION = YES;
				CLANG_WARN_COMMA = YES;
				CLANG_WARN_CONSTANT_CONVERSION = YES;
				CLANG_WARN_DEPRECATED_OBJC_IMPLEMENTATIONS = YES;
				CLANG_WARN_DIRECT_OBJC_ISA_USAGE = YES_ERROR;
				CLANG_WARN_DOCUMENTATION_COMMENTS = YES;
				CLANG_WARN_EMPTY_BODY = YES;
				CLANG_WARN_ENUM_CONVERSION = YES;
				CLANG_WARN_INFINITE_RECURSION = YES;
				CLANG_WARN_INT_CONVERSION = YES;
				CLANG_WARN_NON_LITERAL_NULL_CONVERSION = YES;
				CLANG_WARN_OBJC_IMPLICIT_RETAIN_SELF = YES;
				CLANG_WARN_OBJC_LITERAL_CONVERSION = YES;
				CLANG_WARN_OBJC_ROOT_CLASS = YES_ERROR;
				CLANG_WARN_QUOTED_INCLUDE_IN_FRAMEWORK_HEADER = YES;
				CLANG_WARN_RANGE_LOOP_ANALYSIS = YES;
				CLANG_WARN_STRICT_PROTOTYPES = YES;
				CLANG_WARN_SUSPICIOUS_MOVE = YES;
				CLANG_WARN_UNGUARDED_AVAILABILITY = YES_AGGRESSIVE;
				CLANG_WARN_UNREACHABLE_CODE = YES;
				CLANG_WARN__DUPLICATE_METHOD_MATCH = YES;
				COPY_PHASE_STRIP = NO;
				DEBUG_INFORMATION_FORMAT = "dwarf-with-dsym";
				ENABLE_NS_ASSERTIONS = NO;
				ENABLE_STRICT_OBJC_MSGSEND = YES;
				GCC_C_LANGUAGE_STANDARD = gnu11;
				GCC_NO_COMMON_BLOCKS = YES;
				GCC_WARN_64_TO_32_BIT_CONVERSION = YES;
				GCC_WARN_ABOUT_RETURN_TYPE = YES_ERROR;
				GCC_WARN_UNDECLARED_SELECTOR = YES;
				GCC_WARN_UNINITIALIZED_AUTOS = YES_AGGRESSIVE;
				GCC_WARN_UNUSED_FUNCTION = YES;
				GCC_WARN_UNUSED_VARIABLE = YES;
				IPHONEOS_DEPLOYMENT_TARGET = 15.2;
				MTL_ENABLE_DEBUG_INFO = NO;
				MTL_FAST_MATH = YES;
				SDKROOT = iphoneos;
				SWIFT_COMPILATION_MODE = wholemodule;
				SWIFT_OPTIMIZATION_LEVEL = "-O";
				VALIDATE_PRODUCT = YES;
			};
			name = Release;
		};
		C29346DB27EA441E00CCFD2B /* Debug */ = {
			isa = XCBuildConfiguration;
			buildSettings = {
				ASSETCATALOG_COMPILER_APPICON_NAME = AppIcon;
				ASSETCATALOG_COMPILER_GLOBAL_ACCENT_COLOR_NAME = AccentColor;
				CODE_SIGN_STYLE = Automatic;
				CURRENT_PROJECT_VERSION = 1;
				GENERATE_INFOPLIST_FILE = YES;
				INFOPLIST_FILE = Ind03_McCann_Zachary/Info.plist;
				INFOPLIST_KEY_UIApplicationSupportsIndirectInputEvents = YES;
				INFOPLIST_KEY_UILaunchStoryboardName = LaunchScreen;
				INFOPLIST_KEY_UIMainStoryboardFile = Main;
				INFOPLIST_KEY_UISupportedInterfaceOrientations_iPad = "UIInterfaceOrientationPortrait UIInterfaceOrientationPortraitUpsideDown UIInterfaceOrientationLandscapeLeft UIInterfaceOrientationLandscapeRight";
				INFOPLIST_KEY_UISupportedInterfaceOrientations_iPhone = "UIInterfaceOrientationPortrait UIInterfaceOrientationLandscapeLeft UIInterfaceOrientationLandscapeRight";
				LD_RUNPATH_SEARCH_PATHS = (
					"$(inherited)",
					"@executable_path/Frameworks",
				);
				MARKETING_VERSION = 1.0;
				PRODUCT_BUNDLE_IDENTIFIER = "CosmicZirconium.Ind03-McCann-Zachary";
				PRODUCT_NAME = "$(TARGET_NAME)";
				SWIFT_EMIT_LOC_STRINGS = YES;
				SWIFT_VERSION = 5.0;
				TARGETED_DEVICE_FAMILY = "1,2";
			};
			name = Debug;
		};
		C29346DC27EA441E00CCFD2B /* Release */ = {
			isa = XCBuildConfiguration;
			buildSettings = {
				ASSETCATALOG_COMPILER_APPICON_NAME = AppIcon;
				ASSETCATALOG_COMPILER_GLOBAL_ACCENT_COLOR_NAME = AccentColor;
				CODE_SIGN_STYLE = Automatic;
				CURRENT_PROJECT_VERSION = 1;
				GENERATE_INFOPLIST_FILE = YES;
				INFOPLIST_FILE = Ind03_McCann_Zachary/Info.plist;
				INFOPLIST_KEY_UIApplicationSupportsIndirectInputEvents = YES;
				INFOPLIST_KEY_UILaunchStoryboardName = LaunchScreen;
				INFOPLIST_KEY_UIMainStoryboardFile = Main;
				INFOPLIST_KEY_UISupportedInterfaceOrientations_iPad = "UIInterfaceOrientationPortrait UIInterfaceOrientationPortraitUpsideDown UIInterfaceOrientationLandscapeLeft UIInterfaceOrientationLandscapeRight";
				INFOPLIST_KEY_UISupportedInterfaceOrientations_iPhone = "UIInterfaceOrientationPortrait UIInterfaceOrientationLandscapeLeft UIInterfaceOrientationLandscapeRight";
				LD_RUNPATH_SEARCH_PATHS = (
					"$(inherited)",
					"@executable_path/Frameworks",
				);
				MARKETING_VERSION = 1.0;
				PRODUCT_BUNDLE_IDENTIFIER = "CosmicZirconium.Ind03-McCann-Zachary";
				PRODUCT_NAME = "$(TARGET_NAME)";
				SWIFT_EMIT_LOC_STRINGS = YES;
				SWIFT_VERSION = 5.0;
				TARGETED_DEVICE_FAMILY = "1,2";
			};
			name = Release;
		};
/* End XCBuildConfiguration section */

/* Begin XCConfigurationList section */
		C29346C127EA441C00CCFD2B /* Build configuration list for PBXProject "Ind03_McCann_Zachary" */ = {
			isa = XCConfigurationList;
			buildConfigurations = (
				C29346D827EA441E00CCFD2B /* Debug */,
				C29346D927EA441E00CCFD2B /* Release */,
			);
			defaultConfigurationIsVisible = 0;
			defaultConfigurationName = Release;
		};
		C29346DA27EA441E00CCFD2B /* Build configuration list for PBXNativeTarget "Ind03_McCann_Zachary" */ = {
			isa = XCConfigurationList;
			buildConfigurations = (
				C29346DB27EA441E00CCFD2B /* Debug */,
				C29346DC27EA441E00CCFD2B /* Release */,
			);
			defaultConfigurationIsVisible = 0;
			defaultConfigurationName = Release;
		};
/* End XCConfigurationList section */

/* Begin XCVersionGroup section */
		C2EB431027F4F38C00F37C9A /* Model.xcdatamodeld */ = {
			isa = XCVersionGroup;
			children = (
				C2EB431127F4F38C00F37C9A /* Model.xcdatamodel */,
			);
			currentVersion = C2EB431127F4F38C00F37C9A /* Model.xcdatamodel */;
			path = Model.xcdatamodeld;
			sourceTree = "<group>";
			versionGroupType = wrapper.xcdatamodel;
		};
/* End XCVersionGroup section */
	};
	rootObject = C29346BE27EA441C00CCFD2B /* Project object */;
}
